# This file was autogenerated by Stack.
# You should not edit this file by hand.
# For more information, please see the documentation at:
#   https://docs.haskellstack.org/en/stable/topics/lock_files

packages:
- completed:
    hackage: monad-finally-0.1.2.1@sha256:a5da0f790185af394ae30e53dae9af388b7bec1babf9240304e13de51d5925e7,1637
    pantry-tree:
      sha256: 17f2358ba23fe2d6ae4c7dc9702b921c0bce3d694985c7dc60b5ebd22bf42277
      size: 347
  original:
    hackage: monad-finally-0.1.2.1@sha256:a5da0f790185af394ae30e53dae9af388b7bec1babf9240304e13de51d5925e7,1637
- completed:
    hackage: monad-abort-fd-0.7.0.1@sha256:a13c744a6c1f85e72adeac6348c6e1044c7a19123f65fafa41336a98923db521,1490
    pantry-tree:
      sha256: 73df69ba0ace97907f7c7553df55b0ff17bfffe071e300db6c350a8af2f2fc2b
      size: 486
  original:
    hackage: monad-abort-fd-0.7.0.1@sha256:a13c744a6c1f85e72adeac6348c6e1044c7a19123f65fafa41336a98923db521,1490
- completed:
    hackage: transformers-abort-0.6.0.3@sha256:34de32cc6e852df10ad57df34e46404f841c6b0123526b7fd942c455f62a7a31,1236
    pantry-tree:
      sha256: eeafa773cab79ad314b113aaa6e182e4a353bc1843b759241c1e761ebc1f453e
      size: 357
  original:
    hackage: transformers-abort-0.6.0.3@sha256:34de32cc6e852df10ad57df34e46404f841c6b0123526b7fd942c455f62a7a31,1236
- completed:
    hackage: dhall-json-1.7.12@sha256:9362f33db8a5228dfce25803d08f118a48681243f7d7a47de3eb9027ab9fbc73,4517
    pantry-tree:
      sha256: 3f42ed0a4c0f9cb3406df9e9add5476b47467fcb8f045cba0a42f6251f81fc31
      size: 5485
  original:
    hackage: dhall-json-1.7.12@sha256:9362f33db8a5228dfce25803d08f118a48681243f7d7a47de3eb9027ab9fbc73,4517
- completed:
    hackage: dhall-yaml-1.2.12@sha256:e27d9fad5aaaeb30abd178aba2222fef7fc8ed6334d52d273879464d15eeead4,3388
    pantry-tree:
      sha256: 0cfc6458b565a84c94378629a93bc7682cbac76c7a876f63d333b15a09894af0
      size: 2038
  original:
    hackage: dhall-yaml-1.2.12@sha256:e27d9fad5aaaeb30abd178aba2222fef7fc8ed6334d52d273879464d15eeead4,3388
snapshots:
- completed:
    sha256: abc790b571e0c70e929db74b329e3c18d7e76a6e173e8bdf94f1ba20770d4c24
    size: 728990
    url: https://raw.githubusercontent.com/commercialhaskell/stackage-snapshots/master/lts/24/38.yaml
  original: lts-24.38
