# This file was autogenerated by Stack.
# You should not edit this file by hand.
# For more information, please see the documentation at:
#   https://docs.haskellstack.org/en/stable/lock_files

packages:
- completed:
    hackage: monad-finally-0.1.2@sha256:7f2c860c39d0a00908d83ddaf9cd232d09c19934381b011ed361335715b4e52e,1487
    pantry-tree:
      size: 347
      sha256: 24d7ac7af5b7d8c23bfe3eced368c3fe9ae2de5766522605ef963cd2f466dce1
  original:
    hackage: monad-finally-0.1.2@sha256:7f2c860c39d0a00908d83ddaf9cd232d09c19934381b011ed361335715b4e52e
- completed:
    hackage: monad-abort-fd-0.7@sha256:dc917e7ee2ec0b4f20d6e1cc323bef03adf5b2067619b6e7f4f324a50ae6e870,1340
    pantry-tree:
      size: 486
      sha256: 8aae8657f16cd20d32307b6e815ab3b53bcd6a35e770dbe96064a3b6a5a06b6d
  original:
    hackage: monad-abort-fd-0.7@sha256:dc917e7ee2ec0b4f20d6e1cc323bef03adf5b2067619b6e7f4f324a50ae6e870,1340
- completed:
    hackage: transformers-abort-0.6.0.3@sha256:34de32cc6e852df10ad57df34e46404f841c6b0123526b7fd942c455f62a7a31,1236
    pantry-tree:
      size: 357
      sha256: eeafa773cab79ad314b113aaa6e182e4a353bc1843b759241c1e761ebc1f453e
  original:
    hackage: transformers-abort-0.6.0.3@sha256:34de32cc6e852df10ad57df34e46404f841c6b0123526b7fd942c455f62a7a31,1236
snapshots:
- completed:
    size: 532381
    url: https://raw.githubusercontent.com/commercialhaskell/stackage-snapshots/master/lts/16/13.yaml
    sha256: 6ee17f7996e5bc75ae4406250841f1362ad4196418a4d90a0615ff4f26ac98df
  original: lts-16.13
